
Microsoft Visual Studio Solution File, Format Version 12.00
# Visual Studio Version 17
VisualStudioVersion = 17.4.33205.214
MinimumVisualStudioVersion = 10.0.40219.1
Project("{FAE04EC0-301F-11D3-BF4B-00C04F79EFBC}") = "MethodTasks", "MethodTasks.csproj", "{CBEC0EF3-BD2B-4450-9EA2-333B4F0787DA}"
EndProject
Global
	GlobalSection(SolutionConfigurationPlatforms) = preSolution
		Debug|Any CPU = Debug|Any CPU
		Release|Any CPU = Release|Any CPU
	EndGlobalSection
	GlobalSection(ProjectConfigurationPlatforms) = postSolution
		{CBEC0EF3-BD2B-4450-9EA2-333B4F0787DA}.Debug|Any CPU.ActiveCfg = Debug|Any CPU
		{CBEC0EF3-BD2B-4450-9EA2-333B4F0787DA}.Debug|Any CPU.Build.0 = Debug|Any CPU
		{CBEC0EF3-BD2B-4450-9EA2-333B4F0787DA}.Release|Any CPU.ActiveCfg = Release|Any CPU
		{CBEC0EF3-BD2B-4450-9EA2-333B4F0787DA}.Release|Any CPU.Build.0 = Release|Any CPU
	EndGlobalSection
	GlobalSection(SolutionProperties) = preSolution
		HideSolutionNode = FALSE
	EndGlobalSection
	GlobalSection(ExtensibilityGlobals) = postSolution
		SolutionGuid = {59E7909D-5B17-4B85-80D1-AF66F23F3629}
	EndGlobalSection
EndGlobal
